
Microsoft Visual Studio Solution File, Format Version 12.00
# Visual Studio Version 16
VisualStudioVersion = 16.0.30309.148
MinimumVisualStudioVersion = 10.0.40219.1
Project("{FAE04EC0-301F-11D3-BF4B-00C04F79EFBC}") = "ForDeeplay", "ForDeeplay\ForDeeplay.csproj", "{CCDBB4CD-35FA-4849-8BB8-3C935F0323A8}"
EndProject
Global
	GlobalSection(SolutionConfigurationPlatforms) = preSolution
		Debug|Any CPU = Debug|Any CPU
		Release|Any CPU = Release|Any CPU
	EndGlobalSection
	GlobalSection(ProjectConfigurationPlatforms) = postSolution
		{CCDBB4CD-35FA-4849-8BB8-3C935F0323A8}.Debug|Any CPU.ActiveCfg = Debug|Any CPU
		{CCDBB4CD-35FA-4849-8BB8-3C935F0323A8}.Debug|Any CPU.Build.0 = Debug|Any CPU
		{CCDBB4CD-35FA-4849-8BB8-3C935F0323A8}.Release|Any CPU.ActiveCfg = Release|Any CPU
		{CCDBB4CD-35FA-4849-8BB8-3C935F0323A8}.Release|Any CPU.Build.0 = Release|Any CPU
	EndGlobalSection
	GlobalSection(SolutionProperties) = preSolution
		HideSolutionNode = FALSE
	EndGlobalSection
	GlobalSection(ExtensibilityGlobals) = postSolution
		SolutionGuid = {7EE1A7C0-762D-422B-8A50-64ADDB246A8E}
	EndGlobalSection
EndGlobal
